Microsoft Visual Studio Solution File, Format Version 11.00
# Visual Studio 2008

Project("{E372304E-EA1F-A2FC-D8AE-0F56B7687709}") = "LostForest", "Assembly-CSharp-firstpass.csproj", "{5F4ACCB5-43ED-4DEE-F4BB-F31EED1DD706}"
EndProject
Project("{E372304E-EA1F-A2FC-D8AE-0F56B7687709}") = "LostForest", "Assembly-CSharp.csproj", "{EDAD9C2E-E132-BE70-3BE0-ED72B8369969}"
EndProject
Project("{E372304E-EA1F-A2FC-D8AE-0F56B7687709}") = "LostForest", "Assembly-UnityScript-firstpass.unityproj", "{8DA366F2-B0E3-797A-30E9-3432E3BE8828}"
EndProject
Global
	GlobalSection(SolutionConfigurationPlatforms) = preSolution
		Debug|Any CPU = Debug|Any CPU
		Release|Any CPU = Release|Any CPU
	EndGlobalSection
	GlobalSection(ProjectConfigurationPlatforms) = postSolution
		{5F4ACCB5-43ED-4DEE-F4BB-F31EED1DD706}.Debug|Any CPU.ActiveCfg = Debug|Any CPU
		{5F4ACCB5-43ED-4DEE-F4BB-F31EED1DD706}.Debug|Any CPU.Build.0 = Debug|Any CPU
		{5F4ACCB5-43ED-4DEE-F4BB-F31EED1DD706}.Release|Any CPU.ActiveCfg = Release|Any CPU
		{5F4ACCB5-43ED-4DEE-F4BB-F31EED1DD706}.Release|Any CPU.Build.0 = Release|Any CPU
		{EDAD9C2E-E132-BE70-3BE0-ED72B8369969}.Debug|Any CPU.ActiveCfg = Debug|Any CPU
		{EDAD9C2E-E132-BE70-3BE0-ED72B8369969}.Debug|Any CPU.Build.0 = Debug|Any CPU
		{EDAD9C2E-E132-BE70-3BE0-ED72B8369969}.Release|Any CPU.ActiveCfg = Release|Any CPU
		{EDAD9C2E-E132-BE70-3BE0-ED72B8369969}.Release|Any CPU.Build.0 = Release|Any CPU
		{8DA366F2-B0E3-797A-30E9-3432E3BE8828}.Debug|Any CPU.ActiveCfg = Debug|Any CPU
		{8DA366F2-B0E3-797A-30E9-3432E3BE8828}.Debug|Any CPU.Build.0 = Debug|Any CPU
		{8DA366F2-B0E3-797A-30E9-3432E3BE8828}.Release|Any CPU.ActiveCfg = Release|Any CPU
		{8DA366F2-B0E3-797A-30E9-3432E3BE8828}.Release|Any CPU.Build.0 = Release|Any CPU
	EndGlobalSection
	GlobalSection(SolutionProperties) = preSolution
		HideSolutionNode = FALSE
	EndGlobalSection
																								GlobalSection(MonoDevelopProperties) = preSolution
		StartupItem = Assembly-CSharp.csproj
		Policies = $0
		$0.TextStylePolicy = $1
		$1.inheritsSet = null
		$1.scope = text/x-csharp
		$0.CSharpFormattingPolicy = $2
		$2.inheritsSet = Mono
		$2.inheritsScope = text/x-csharp
		$2.scope = text/x-csharp
		$0.TextStylePolicy = $3
		$3.FileWidth = 120
		$3.TabWidth = 4
		$3.EolMarker = Unix
		$3.inheritsSet = Mono
		$3.inheritsScope = text/plain
		$3.scope = text/plain
	EndGlobalSection

EndGlobal
